
Microsoft Visual Studio Solution File, Format Version 12.00
# Visual Studio Version 16
VisualStudioVersion = 16.0.28729.10
MinimumVisualStudioVersion = 10.0.40219.1
Project("{FAE04EC0-301F-11D3-BF4B-00C04F79EFBC}") = "Lab-CoffeeShop-EFCore", "Lab-CoffeeShop-EFCore\Lab-CoffeeShop-EFCore.csproj", "{59323538-92FE-4DC8-A2AB-EE86D542C291}"
EndProject
Global
	GlobalSection(SolutionConfigurationPlatforms) = preSolution
		Debug|Any CPU = Debug|Any CPU
		Release|Any CPU = Release|Any CPU
	EndGlobalSection
	GlobalSection(ProjectConfigurationPlatforms) = postSolution
		{59323538-92FE-4DC8-A2AB-EE86D542C291}.Debug|Any CPU.ActiveCfg = Debug|Any CPU
		{59323538-92FE-4DC8-A2AB-EE86D542C291}.Debug|Any CPU.Build.0 = Debug|Any CPU
		{59323538-92FE-4DC8-A2AB-EE86D542C291}.Release|Any CPU.ActiveCfg = Release|Any CPU
		{59323538-92FE-4DC8-A2AB-EE86D542C291}.Release|Any CPU.Build.0 = Release|Any CPU
	EndGlobalSection
	GlobalSection(SolutionProperties) = preSolution
		HideSolutionNode = FALSE
	EndGlobalSection
	GlobalSection(ExtensibilityGlobals) = postSolution
		SolutionGuid = {E4BF8597-77C1-41DC-A538-86EFD92A4838}
	EndGlobalSection
EndGlobal
